
Microsoft Visual Studio Solution File, Format Version 12.00
# Visual Studio 15
VisualStudioVersion = 15.0.26124.0
MinimumVisualStudioVersion = 15.0.26124.0
Project("{FAE04EC0-301F-11D3-BF4B-00C04F79EFBC}") = "IOfficialCommon", "IOfficialCommon\IOfficialCommon.csproj", "{668A644B-F2F6-46BF-9FF6-3864F9024F0F}"
EndProject
Project("{FAE04EC0-301F-11D3-BF4B-00C04F79EFBC}") = "OfficialBLL", "OfficialBLL\OfficialBLL.csproj", "{0B650224-8E3C-4F66-85F1-CA8ECF25084D}"
EndProject
Project("{FAE04EC0-301F-11D3-BF4B-00C04F79EFBC}") = "OfficialDAL", "OfficialDAL\OfficialDAL.csproj", "{D67D1BA4-AC6A-4F5B-B0B5-A762633F0AB8}"
EndProject
Project("{FAE04EC0-301F-11D3-BF4B-00C04F79EFBC}") = "MirleOfficial", "MirleOfficial\MirleOfficial.csproj", "{816A3985-9E03-46C5-A0FA-109888D6AE49}"
EndProject
Global
	GlobalSection(SolutionConfigurationPlatforms) = preSolution
		Debug|Any CPU = Debug|Any CPU
		Debug|x64 = Debug|x64
		Debug|x86 = Debug|x86
		Release|Any CPU = Release|Any CPU
		Release|x64 = Release|x64
		Release|x86 = Release|x86
	EndGlobalSection
	GlobalSection(SolutionProperties) = preSolution
		HideSolutionNode = FALSE
	EndGlobalSection
	GlobalSection(ProjectConfigurationPlatforms) = postSolution
		{668A644B-F2F6-46BF-9FF6-3864F9024F0F}.Debug|Any CPU.ActiveCfg = Debug|Any CPU
		{668A644B-F2F6-46BF-9FF6-3864F9024F0F}.Debug|Any CPU.Build.0 = Debug|Any CPU
		{668A644B-F2F6-46BF-9FF6-3864F9024F0F}.Debug|x64.ActiveCfg = Debug|Any CPU
		{668A644B-F2F6-46BF-9FF6-3864F9024F0F}.Debug|x64.Build.0 = Debug|Any CPU
		{668A644B-F2F6-46BF-9FF6-3864F9024F0F}.Debug|x86.ActiveCfg = Debug|Any CPU
		{668A644B-F2F6-46BF-9FF6-3864F9024F0F}.Debug|x86.Build.0 = Debug|Any CPU
		{668A644B-F2F6-46BF-9FF6-3864F9024F0F}.Release|Any CPU.ActiveCfg = Release|Any CPU
		{668A644B-F2F6-46BF-9FF6-3864F9024F0F}.Release|Any CPU.Build.0 = Release|Any CPU
		{668A644B-F2F6-46BF-9FF6-3864F9024F0F}.Release|x64.ActiveCfg = Release|Any CPU
		{668A644B-F2F6-46BF-9FF6-3864F9024F0F}.Release|x64.Build.0 = Release|Any CPU
		{668A644B-F2F6-46BF-9FF6-3864F9024F0F}.Release|x86.ActiveCfg = Release|Any CPU
		{668A644B-F2F6-46BF-9FF6-3864F9024F0F}.Release|x86.Build.0 = Release|Any CPU
		{0B650224-8E3C-4F66-85F1-CA8ECF25084D}.Debug|Any CPU.ActiveCfg = Debug|Any CPU
		{0B650224-8E3C-4F66-85F1-CA8ECF25084D}.Debug|Any CPU.Build.0 = Debug|Any CPU
		{0B650224-8E3C-4F66-85F1-CA8ECF25084D}.Debug|x64.ActiveCfg = Debug|Any CPU
		{0B650224-8E3C-4F66-85F1-CA8ECF25084D}.Debug|x64.Build.0 = Debug|Any CPU
		{0B650224-8E3C-4F66-85F1-CA8ECF25084D}.Debug|x86.ActiveCfg = Debug|Any CPU
		{0B650224-8E3C-4F66-85F1-CA8ECF25084D}.Debug|x86.Build.0 = Debug|Any CPU
		{0B650224-8E3C-4F66-85F1-CA8ECF25084D}.Release|Any CPU.ActiveCfg = Release|Any CPU
		{0B650224-8E3C-4F66-85F1-CA8ECF25084D}.Release|Any CPU.Build.0 = Release|Any CPU
		{0B650224-8E3C-4F66-85F1-CA8ECF25084D}.Release|x64.ActiveCfg = Release|Any CPU
		{0B650224-8E3C-4F66-85F1-CA8ECF25084D}.Release|x64.Build.0 = Release|Any CPU
		{0B650224-8E3C-4F66-85F1-CA8ECF25084D}.Release|x86.ActiveCfg = Release|Any CPU
		{0B650224-8E3C-4F66-85F1-CA8ECF25084D}.Release|x86.Build.0 = Release|Any CPU
		{D67D1BA4-AC6A-4F5B-B0B5-A762633F0AB8}.Debug|Any CPU.ActiveCfg = Debug|Any CPU
		{D67D1BA4-AC6A-4F5B-B0B5-A762633F0AB8}.Debug|Any CPU.Build.0 = Debug|Any CPU
		{D67D1BA4-AC6A-4F5B-B0B5-A762633F0AB8}.Debug|x64.ActiveCfg = Debug|Any CPU
		{D67D1BA4-AC6A-4F5B-B0B5-A762633F0AB8}.Debug|x64.Build.0 = Debug|Any CPU
		{D67D1BA4-AC6A-4F5B-B0B5-A762633F0AB8}.Debug|x86.ActiveCfg = Debug|Any CPU
		{D67D1BA4-AC6A-4F5B-B0B5-A762633F0AB8}.Debug|x86.Build.0 = Debug|Any CPU
		{D67D1BA4-AC6A-4F5B-B0B5-A762633F0AB8}.Release|Any CPU.ActiveCfg = Release|Any CPU
		{D67D1BA4-AC6A-4F5B-B0B5-A762633F0AB8}.Release|Any CPU.Build.0 = Release|Any CPU
		{D67D1BA4-AC6A-4F5B-B0B5-A762633F0AB8}.Release|x64.ActiveCfg = Release|Any CPU
		{D67D1BA4-AC6A-4F5B-B0B5-A762633F0AB8}.Release|x64.Build.0 = Release|Any CPU
		{D67D1BA4-AC6A-4F5B-B0B5-A762633F0AB8}.Release|x86.ActiveCfg = Release|Any CPU
		{D67D1BA4-AC6A-4F5B-B0B5-A762633F0AB8}.Release|x86.Build.0 = Release|Any CPU
		{816A3985-9E03-46C5-A0FA-109888D6AE49}.Debug|Any CPU.ActiveCfg = Debug|Any CPU
		{816A3985-9E03-46C5-A0FA-109888D6AE49}.Debug|Any CPU.Build.0 = Debug|Any CPU
		{816A3985-9E03-46C5-A0FA-109888D6AE49}.Debug|x64.ActiveCfg = Debug|Any CPU
		{816A3985-9E03-46C5-A0FA-109888D6AE49}.Debug|x64.Build.0 = Debug|Any CPU
		{816A3985-9E03-46C5-A0FA-109888D6AE49}.Debug|x86.ActiveCfg = Debug|Any CPU
		{816A3985-9E03-46C5-A0FA-109888D6AE49}.Debug|x86.Build.0 = Debug|Any CPU
		{816A3985-9E03-46C5-A0FA-109888D6AE49}.Release|Any CPU.ActiveCfg = Release|Any CPU
		{816A3985-9E03-46C5-A0FA-109888D6AE49}.Release|Any CPU.Build.0 = Release|Any CPU
		{816A3985-9E03-46C5-A0FA-109888D6AE49}.Release|x64.ActiveCfg = Release|Any CPU
		{816A3985-9E03-46C5-A0FA-109888D6AE49}.Release|x64.Build.0 = Release|Any CPU
		{816A3985-9E03-46C5-A0FA-109888D6AE49}.Release|x86.ActiveCfg = Release|Any CPU
		{816A3985-9E03-46C5-A0FA-109888D6AE49}.Release|x86.Build.0 = Release|Any CPU
	EndGlobalSection
EndGlobal
